github.com/google/uuid v1.3.0 h1:t6JiXgmwXMjEs8VusXIJk2BXHsn+wx8BZdTaoZ5fu7I=
github.com/google/uuid v1.3.0/go.mod h1:TIyPZe4MgqvfeYDBFedMoGGpEw/LqOeaOT+nhxU+yHo=
github.com/pavelshustrov/service_b/client v0.0.0-20230314222753-2e7051778b9f h1:aDqcuwbSHnv6bW4G++dTeqxzz/jmY2i87ZMBSRED4bA=
github.com/pavelshustrov/service_b/client v0.0.0-20230314222753-2e7051778b9f/go.mod h1:+1Sg2ty/hfHeopZLhxU1sD0+NrVZ3vyT0xqLK0vMAoE=
